
Microsoft Visual Studio Solution File, Format Version 12.00
# Visual Studio 2012
Project("{FAE04EC0-301F-11D3-BF4B-00C04F79EFBC}") = "SRR.DataAccessLayer.Model", "SRR.DataAccessLayer.Model\SRR.DataAccessLayer.Model.csproj", "{A3983E2E-1A14-45F2-AE55-22BF8B5D41F4}"
EndProject
Project("{FAE04EC0-301F-11D3-BF4B-00C04F79EFBC}") = "SRR.DataAccessLayer", "SRR.DataAccessLayer\SRR.DataAccessLayer.csproj", "{4FD6E0F1-75BC-4EB5-BBFC-04EFF542E557}"
EndProject
Project("{FAE04EC0-301F-11D3-BF4B-00C04F79EFBC}") = "SRR.Infrastructure.Contracts", "SRR.Contracts\SRR.Infrastructure.Contracts.csproj", "{6934C0B6-514B-4E10-BC8E-4395F0F603F2}"
EndProject
Project("{FAE04EC0-301F-11D3-BF4B-00C04F79EFBC}") = "SRR.Infrastructure", "SRR.Infrastructure\SRR.Infrastructure.csproj", "{61793A0C-DA9E-4B7A-9523-714BCE4CB539}"
EndProject
Project("{2150E333-8FDC-42A3-9474-1A3956D46DE8}") = "DAL", "DAL", "{6735A200-6EDB-495A-829E-D594F79A2528}"
EndProject
Project("{2150E333-8FDC-42A3-9474-1A3956D46DE8}") = "Infrastructure", "Infrastructure", "{10E47EE5-AB23-4367-AB9F-86900B6C1F9F}"
EndProject
Project("{2150E333-8FDC-42A3-9474-1A3956D46DE8}") = "Services", "Services", "{987A3DD2-0B00-429F-AD6C-12DBB333B0F3}"
EndProject
Project("{2150E333-8FDC-42A3-9474-1A3956D46DE8}") = "UI", "UI", "{AB4461CF-7094-4249-9BC0-56A0A57CB791}"
EndProject
Project("{2150E333-8FDC-42A3-9474-1A3956D46DE8}") = "Tests", "Tests", "{2114DA38-B295-492E-9997-95AFC7AE0ED8}"
EndProject
Project("{2150E333-8FDC-42A3-9474-1A3956D46DE8}") = "UnitTests", "UnitTests", "{89ED7ACC-9C42-4EC4-86CB-704050261E04}"
EndProject
Project("{2150E333-8FDC-42A3-9474-1A3956D46DE8}") = "IntegrationTests", "IntegrationTests", "{938D9ED7-012E-4333-8AD4-085F035380BC}"
EndProject
Project("{FAE04EC0-301F-11D3-BF4B-00C04F79EFBC}") = "SRR.UI.MVC4", "SRR.UI.MVC4\SRR.UI.MVC4.csproj", "{4C816CEF-D81C-4AD4-952C-41BCE33FCF48}"
EndProject
Project("{00D1A9C2-B5F0-4AF3-8072-F6C62B433612}") = "Database1", "Database1\Database1.sqlproj", "{031E7E7F-A096-415D-8E66-0C67F8B8F96E}"
EndProject
Global
	GlobalSection(SolutionConfigurationPlatforms) = preSolution
		Debug|Any CPU = Debug|Any CPU
		Release|Any CPU = Release|Any CPU
	EndGlobalSection
	GlobalSection(ProjectConfigurationPlatforms) = postSolution
		{A3983E2E-1A14-45F2-AE55-22BF8B5D41F4}.Debug|Any CPU.ActiveCfg = Debug|Any CPU
		{A3983E2E-1A14-45F2-AE55-22BF8B5D41F4}.Debug|Any CPU.Build.0 = Debug|Any CPU
		{A3983E2E-1A14-45F2-AE55-22BF8B5D41F4}.Release|Any CPU.ActiveCfg = Release|Any CPU
		{A3983E2E-1A14-45F2-AE55-22BF8B5D41F4}.Release|Any CPU.Build.0 = Release|Any CPU
		{4FD6E0F1-75BC-4EB5-BBFC-04EFF542E557}.Debug|Any CPU.ActiveCfg = Debug|Any CPU
		{4FD6E0F1-75BC-4EB5-BBFC-04EFF542E557}.Debug|Any CPU.Build.0 = Debug|Any CPU
		{4FD6E0F1-75BC-4EB5-BBFC-04EFF542E557}.Release|Any CPU.ActiveCfg = Release|Any CPU
		{4FD6E0F1-75BC-4EB5-BBFC-04EFF542E557}.Release|Any CPU.Build.0 = Release|Any CPU
		{6934C0B6-514B-4E10-BC8E-4395F0F603F2}.Debug|Any CPU.ActiveCfg = Debug|Any CPU
		{6934C0B6-514B-4E10-BC8E-4395F0F603F2}.Debug|Any CPU.Build.0 = Debug|Any CPU
		{6934C0B6-514B-4E10-BC8E-4395F0F603F2}.Release|Any CPU.ActiveCfg = Release|Any CPU
		{6934C0B6-514B-4E10-BC8E-4395F0F603F2}.Release|Any CPU.Build.0 = Release|Any CPU
		{61793A0C-DA9E-4B7A-9523-714BCE4CB539}.Debug|Any CPU.ActiveCfg = Debug|Any CPU
		{61793A0C-DA9E-4B7A-9523-714BCE4CB539}.Debug|Any CPU.Build.0 = Debug|Any CPU
		{61793A0C-DA9E-4B7A-9523-714BCE4CB539}.Release|Any CPU.ActiveCfg = Release|Any CPU
		{61793A0C-DA9E-4B7A-9523-714BCE4CB539}.Release|Any CPU.Build.0 = Release|Any CPU
		{4C816CEF-D81C-4AD4-952C-41BCE33FCF48}.Debug|Any CPU.ActiveCfg = Debug|Any CPU
		{4C816CEF-D81C-4AD4-952C-41BCE33FCF48}.Debug|Any CPU.Build.0 = Debug|Any CPU
		{4C816CEF-D81C-4AD4-952C-41BCE33FCF48}.Release|Any CPU.ActiveCfg = Release|Any CPU
		{4C816CEF-D81C-4AD4-952C-41BCE33FCF48}.Release|Any CPU.Build.0 = Release|Any CPU
		{031E7E7F-A096-415D-8E66-0C67F8B8F96E}.Debug|Any CPU.ActiveCfg = Debug|Any CPU
		{031E7E7F-A096-415D-8E66-0C67F8B8F96E}.Debug|Any CPU.Build.0 = Debug|Any CPU
		{031E7E7F-A096-415D-8E66-0C67F8B8F96E}.Debug|Any CPU.Deploy.0 = Debug|Any CPU
		{031E7E7F-A096-415D-8E66-0C67F8B8F96E}.Release|Any CPU.ActiveCfg = Release|Any CPU
		{031E7E7F-A096-415D-8E66-0C67F8B8F96E}.Release|Any CPU.Build.0 = Release|Any CPU
		{031E7E7F-A096-415D-8E66-0C67F8B8F96E}.Release|Any CPU.Deploy.0 = Release|Any CPU
	EndGlobalSection
	GlobalSection(SolutionProperties) = preSolution
		HideSolutionNode = FALSE
	EndGlobalSection
	GlobalSection(NestedProjects) = preSolution
		{4FD6E0F1-75BC-4EB5-BBFC-04EFF542E557} = {6735A200-6EDB-495A-829E-D594F79A2528}
		{A3983E2E-1A14-45F2-AE55-22BF8B5D41F4} = {6735A200-6EDB-495A-829E-D594F79A2528}
		{61793A0C-DA9E-4B7A-9523-714BCE4CB539} = {10E47EE5-AB23-4367-AB9F-86900B6C1F9F}
		{6934C0B6-514B-4E10-BC8E-4395F0F603F2} = {10E47EE5-AB23-4367-AB9F-86900B6C1F9F}
		{4C816CEF-D81C-4AD4-952C-41BCE33FCF48} = {AB4461CF-7094-4249-9BC0-56A0A57CB791}
		{89ED7ACC-9C42-4EC4-86CB-704050261E04} = {2114DA38-B295-492E-9997-95AFC7AE0ED8}
		{938D9ED7-012E-4333-8AD4-085F035380BC} = {2114DA38-B295-492E-9997-95AFC7AE0ED8}
	EndGlobalSection
EndGlobal
